
Microsoft Visual Studio Solution File, Format Version 12.00
# Visual Studio Version 17
VisualStudioVersion = 17.11.35222.181
MinimumVisualStudioVersion = 10.0.40219.1
Project("{FAE04EC0-301F-11D3-BF4B-00C04F79EFBC}") = "LeetCode3", "LeetCode3\LeetCode3.csproj", "{15B69E59-4D01-4DBF-94FC-92852F607B15}"
EndProject
Global
	GlobalSection(SolutionConfigurationPlatforms) = preSolution
		Debug|Any CPU = Debug|Any CPU
		Release|Any CPU = Release|Any CPU
	EndGlobalSection
	GlobalSection(ProjectConfigurationPlatforms) = postSolution
		{15B69E59-4D01-4DBF-94FC-92852F607B15}.Debug|Any CPU.ActiveCfg = Debug|Any CPU
		{15B69E59-4D01-4DBF-94FC-92852F607B15}.Debug|Any CPU.Build.0 = Debug|Any CPU
		{15B69E59-4D01-4DBF-94FC-92852F607B15}.Release|Any CPU.ActiveCfg = Release|Any CPU
		{15B69E59-4D01-4DBF-94FC-92852F607B15}.Release|Any CPU.Build.0 = Release|Any CPU
	EndGlobalSection
	GlobalSection(SolutionProperties) = preSolution
		HideSolutionNode = FALSE
	EndGlobalSection
	GlobalSection(ExtensibilityGlobals) = postSolution
		SolutionGuid = {B6887F75-DD4B-4F00-A248-16260F86AFEF}
	EndGlobalSection
EndGlobal
